
Microsoft Visual Studio Solution File, Format Version 12.00
# Visual Studio Version 17
VisualStudioVersion = 17.1.32228.430
MinimumVisualStudioVersion = 10.0.40219.1
Project("{FAE04EC0-301F-11D3-BF4B-00C04F79EFBC}") = "HackChain.Utilities", "HackChain.Utilities\HackChain.Utilities.csproj", "{8DE2C85C-A6CE-43BF-A622-791494802E7E}"
EndProject
Project("{FAE04EC0-301F-11D3-BF4B-00C04F79EFBC}") = "HackChain.ConsoleTests", "HackChain.ConsoleTests\HackChain.ConsoleTests.csproj", "{B9A86E78-8DAE-4C89-B03F-3CB7348C2D75}"
EndProject
Global
	GlobalSection(SolutionConfigurationPlatforms) = preSolution
		Debug|Any CPU = Debug|Any CPU
		Release|Any CPU = Release|Any CPU
	EndGlobalSection
	GlobalSection(ProjectConfigurationPlatforms) = postSolution
		{8DE2C85C-A6CE-43BF-A622-791494802E7E}.Debug|Any CPU.ActiveCfg = Debug|Any CPU
		{8DE2C85C-A6CE-43BF-A622-791494802E7E}.Debug|Any CPU.Build.0 = Debug|Any CPU
		{8DE2C85C-A6CE-43BF-A622-791494802E7E}.Release|Any CPU.ActiveCfg = Release|Any CPU
		{8DE2C85C-A6CE-43BF-A622-791494802E7E}.Release|Any CPU.Build.0 = Release|Any CPU
		{B9A86E78-8DAE-4C89-B03F-3CB7348C2D75}.Debug|Any CPU.ActiveCfg = Debug|Any CPU
		{B9A86E78-8DAE-4C89-B03F-3CB7348C2D75}.Debug|Any CPU.Build.0 = Debug|Any CPU
		{B9A86E78-8DAE-4C89-B03F-3CB7348C2D75}.Release|Any CPU.ActiveCfg = Release|Any CPU
		{B9A86E78-8DAE-4C89-B03F-3CB7348C2D75}.Release|Any CPU.Build.0 = Release|Any CPU
	EndGlobalSection
	GlobalSection(SolutionProperties) = preSolution
		HideSolutionNode = FALSE
	EndGlobalSection
	GlobalSection(ExtensibilityGlobals) = postSolution
		SolutionGuid = {8F0FACF5-2A43-4EB0-9A6D-2B0B9E458BEF}
	EndGlobalSection
EndGlobal
